github.com/rabbitmq/amqp091-go v1.11.0/go.mod h1:Hy4jKW5kQART1u+JkDTF9YYOQUHXqMuhrgxOEeS7G4o=
github.com/rabbitmq/amqp091-go v1.12.0 h1:V0v14Iqfs+MwHWihJt/nGS5Ulu0vw572b2Co3mwunkI=
github.com/rabbitmq/amqp091-go v1.12.0/go.mod h1:Hy4jKW5kQART1u+JkDTF9YYOQUHXqMuhrgxOEeS7G4o=
github.com/rabbitmq/amqp091-go v1.12.1-0.20260626070008-e5bde41509e6 h1:+NHL4laTmMtic15Qg7GF99g0zhgvngHvm2qhmSvqUco=
github.com/rabbitmq/amqp091-go v1.12.1-0.20260626070008-e5bde41509e6/go.mod h1:Hy4jKW5kQART1u+JkDTF9YYOQUHXqMuhrgxOEeS7G4o=
github.com/rabbitmq/amqp091-go v1.12.1-0.20260626083932-5b2fb94c5b24 h1:9kHSR/lMpyApUgkjSIOqZj8thtzsOHv03H2szRP3rX0=
github.com/rabbitmq/amqp091-go v1.12.1-0.20260626083932-5b2fb94c5b24/go.mod h1:Hy4jKW5kQART1u+JkDTF9YYOQUHXqMuhrgxOEeS7G4o=
github.com/rabbitmq/amqp091-go v1.12.1-0.20260714053827-3a6c4976f547 h1:mTk+MOKFNpvmsoiUi4Ljkr/3I13QVaekE7p4uAaGwSo=
github.com/rabbitmq/amqp091-go v1.12.1-0.20260714053827-3a6c4976f547/go.mod h1:Hy4jKW5kQART1u+JkDTF9YYOQUHXqMuhrgxOEeS7G4o=
