github.com/rabbitmq/amqp091-go v1.12.1-0.20260714053827-3a6c4976f547 h1:mTk+MOKFNpvmsoiUi4Ljkr/3I13QVaekE7p4uAaGwSo=
github.com/rabbitmq/amqp091-go v1.12.1-0.20260714053827-3a6c4976f547/go.mod h1:Hy4jKW5kQART1u+JkDTF9YYOQUHXqMuhrgxOEeS7G4o=
go.uber.org/goleak v1.3.0 h1:2K3zAYmnTNqV73imy9J1T3WC+gmCePx2hEGkimedGto=
